
Microsoft Visual Studio Solution File, Format Version 10.00
# Visual Studio 2008
Project("{FAE04EC0-301F-11D3-BF4B-00C04F79EFBC}") = "Ch3_Interfaces", "Ch3_Interfaces\Ch3_Interfaces.csproj", "{697B4DC3-8737-4648-9662-74C052761284}"
EndProject
Project("{FAE04EC0-301F-11D3-BF4B-00C04F79EFBC}") = "Ch4_ZeroLike", "Generic\Ch4_ZeroLike.csproj", "{80D41596-1635-4EA6-BB61-AC582E3712EB}"
EndProject
Global
	GlobalSection(SolutionConfigurationPlatforms) = preSolution
		Debug|Any CPU = Debug|Any CPU
		Release|Any CPU = Release|Any CPU
	EndGlobalSection
	GlobalSection(ProjectConfigurationPlatforms) = postSolution
		{697B4DC3-8737-4648-9662-74C052761284}.Debug|Any CPU.ActiveCfg = Debug|Any CPU
		{697B4DC3-8737-4648-9662-74C052761284}.Debug|Any CPU.Build.0 = Debug|Any CPU
		{697B4DC3-8737-4648-9662-74C052761284}.Release|Any CPU.ActiveCfg = Release|Any CPU
		{697B4DC3-8737-4648-9662-74C052761284}.Release|Any CPU.Build.0 = Release|Any CPU
		{80D41596-1635-4EA6-BB61-AC582E3712EB}.Debug|Any CPU.ActiveCfg = Debug|Any CPU
		{80D41596-1635-4EA6-BB61-AC582E3712EB}.Debug|Any CPU.Build.0 = Debug|Any CPU
		{80D41596-1635-4EA6-BB61-AC582E3712EB}.Release|Any CPU.ActiveCfg = Release|Any CPU
		{80D41596-1635-4EA6-BB61-AC582E3712EB}.Release|Any CPU.Build.0 = Release|Any CPU
	EndGlobalSection
	GlobalSection(SolutionProperties) = preSolution
		HideSolutionNode = FALSE
	EndGlobalSection
EndGlobal
