
Microsoft Visual Studio Solution File, Format Version 12.00
# Visual Studio 14
VisualStudioVersion = 14.0.25420.1
MinimumVisualStudioVersion = 10.0.40219.1
Project("{FAE04EC0-301F-11D3-BF4B-00C04F79EFBC}") = "HelloWorld", "HelloWorld\HelloWorld.csproj", "{8188BE58-D0B3-4FE9-9869-7903B6913CDF}"
EndProject
Project("{FAE04EC0-301F-11D3-BF4B-00C04F79EFBC}") = "Counter", "Counter\Counter.csproj", "{73594D63-022A-46D8-A337-E497D93B893F}"
EndProject
Project("{FAE04EC0-301F-11D3-BF4B-00C04F79EFBC}") = "InitializeTest", "InitializeTest\InitializeTest.csproj", "{A052BB2F-8787-4DF0-9545-859F293CD969}"
EndProject
Project("{FAE04EC0-301F-11D3-BF4B-00C04F79EFBC}") = "Ch3_Method", "C3_Method\Ch3_Method.csproj", "{6396DBDF-7404-4D59-ACBB-AE5529155DE9}"
EndProject
Project("{FAE04EC0-301F-11D3-BF4B-00C04F79EFBC}") = "Ch4_Generics", "Ch4_Generics\Ch4_Generics.csproj", "{B647C946-90F5-49C3-A650-C31037B9E0CF}"
EndProject
Project("{FAE04EC0-301F-11D3-BF4B-00C04F79EFBC}") = "Ch5_Collections", "Ch5_Collections\Ch5_Collections.csproj", "{20061892-8AC4-4A4A-8281-AFD0A213D2B8}"
EndProject
Project("{FAE04EC0-301F-11D3-BF4B-00C04F79EFBC}") = "Ch6_Inheritance", "Ch6_Inheritance\Ch6_Inheritance.csproj", "{ADC6931D-8D56-4B60-B9A5-53E5362711C1}"
EndProject
Project("{FAE04EC0-301F-11D3-BF4B-00C04F79EFBC}") = "Ch7_Object", "Ch_Object\Ch7_Object.csproj", "{96C2D60F-7073-4E21-975B-81968A8D2ADD}"
EndProject
Project("{FAE04EC0-301F-11D3-BF4B-00C04F79EFBC}") = "Ch8_Exceptions", "Ch8_Exceptions\Ch8_Exceptions.csproj", "{D139EABA-2C9C-4043-9DCA-C31AE2BD983D}"
EndProject
Project("{FAE04EC0-301F-11D3-BF4B-00C04F79EFBC}") = "Ch9_Delegates", "Ch9_Delegates\Ch9_Delegates.csproj", "{B4BFC889-C08C-43BF-AC0C-F8CE87441530}"
EndProject
Project("{FAE04EC0-301F-11D3-BF4B-00C04F79EFBC}") = "Ch10_LINQ", "Ch10_LINQ\Ch10_LINQ.csproj", "{A04881CC-B224-4F02-8520-C6BDF3391AF8}"
EndProject
Project("{FAE04EC0-301F-11D3-BF4B-00C04F79EFBC}") = "Ch15_Attributes", "Ch15_Attributes\Ch15_Attributes.csproj", "{EE8670E6-25BB-43F7-9BE8-60EC0F1AB678}"
EndProject
Project("{FAE04EC0-301F-11D3-BF4B-00C04F79EFBC}") = "ReactiveExtension", "ReactiveExtension\ReactiveExtension.csproj", "{F30E9995-CFE2-4CD4-A042-96010554C0DF}"
EndProject
Project("{FAE04EC0-301F-11D3-BF4B-00C04F79EFBC}") = "Ch11_Assembles", "Ch11_Assembles\Ch11_Assembles.csproj", "{86CDC479-736E-4B99-84A1-51893DA0CE95}"
EndProject
Global
	GlobalSection(SolutionConfigurationPlatforms) = preSolution
		Debug|Any CPU = Debug|Any CPU
		Release|Any CPU = Release|Any CPU
	EndGlobalSection
	GlobalSection(ProjectConfigurationPlatforms) = postSolution
		{8188BE58-D0B3-4FE9-9869-7903B6913CDF}.Debug|Any CPU.ActiveCfg = Debug|Any CPU
		{8188BE58-D0B3-4FE9-9869-7903B6913CDF}.Debug|Any CPU.Build.0 = Debug|Any CPU
		{8188BE58-D0B3-4FE9-9869-7903B6913CDF}.Release|Any CPU.ActiveCfg = Release|Any CPU
		{8188BE58-D0B3-4FE9-9869-7903B6913CDF}.Release|Any CPU.Build.0 = Release|Any CPU
		{73594D63-022A-46D8-A337-E497D93B893F}.Debug|Any CPU.ActiveCfg = Debug|Any CPU
		{73594D63-022A-46D8-A337-E497D93B893F}.Debug|Any CPU.Build.0 = Debug|Any CPU
		{73594D63-022A-46D8-A337-E497D93B893F}.Release|Any CPU.ActiveCfg = Release|Any CPU
		{73594D63-022A-46D8-A337-E497D93B893F}.Release|Any CPU.Build.0 = Release|Any CPU
		{A052BB2F-8787-4DF0-9545-859F293CD969}.Debug|Any CPU.ActiveCfg = Debug|Any CPU
		{A052BB2F-8787-4DF0-9545-859F293CD969}.Debug|Any CPU.Build.0 = Debug|Any CPU
		{A052BB2F-8787-4DF0-9545-859F293CD969}.Release|Any CPU.ActiveCfg = Release|Any CPU
		{A052BB2F-8787-4DF0-9545-859F293CD969}.Release|Any CPU.Build.0 = Release|Any CPU
		{6396DBDF-7404-4D59-ACBB-AE5529155DE9}.Debug|Any CPU.ActiveCfg = Debug|Any CPU
		{6396DBDF-7404-4D59-ACBB-AE5529155DE9}.Debug|Any CPU.Build.0 = Debug|Any CPU
		{6396DBDF-7404-4D59-ACBB-AE5529155DE9}.Release|Any CPU.ActiveCfg = Release|Any CPU
		{6396DBDF-7404-4D59-ACBB-AE5529155DE9}.Release|Any CPU.Build.0 = Release|Any CPU
		{B647C946-90F5-49C3-A650-C31037B9E0CF}.Debug|Any CPU.ActiveCfg = Debug|Any CPU
		{B647C946-90F5-49C3-A650-C31037B9E0CF}.Debug|Any CPU.Build.0 = Debug|Any CPU
		{B647C946-90F5-49C3-A650-C31037B9E0CF}.Release|Any CPU.ActiveCfg = Release|Any CPU
		{B647C946-90F5-49C3-A650-C31037B9E0CF}.Release|Any CPU.Build.0 = Release|Any CPU
		{20061892-8AC4-4A4A-8281-AFD0A213D2B8}.Debug|Any CPU.ActiveCfg = Debug|Any CPU
		{20061892-8AC4-4A4A-8281-AFD0A213D2B8}.Debug|Any CPU.Build.0 = Debug|Any CPU
		{20061892-8AC4-4A4A-8281-AFD0A213D2B8}.Release|Any CPU.ActiveCfg = Release|Any CPU
		{20061892-8AC4-4A4A-8281-AFD0A213D2B8}.Release|Any CPU.Build.0 = Release|Any CPU
		{ADC6931D-8D56-4B60-B9A5-53E5362711C1}.Debug|Any CPU.ActiveCfg = Debug|Any CPU
		{ADC6931D-8D56-4B60-B9A5-53E5362711C1}.Debug|Any CPU.Build.0 = Debug|Any CPU
		{ADC6931D-8D56-4B60-B9A5-53E5362711C1}.Release|Any CPU.ActiveCfg = Release|Any CPU
		{ADC6931D-8D56-4B60-B9A5-53E5362711C1}.Release|Any CPU.Build.0 = Release|Any CPU
		{96C2D60F-7073-4E21-975B-81968A8D2ADD}.Debug|Any CPU.ActiveCfg = Debug|Any CPU
		{96C2D60F-7073-4E21-975B-81968A8D2ADD}.Debug|Any CPU.Build.0 = Debug|Any CPU
		{96C2D60F-7073-4E21-975B-81968A8D2ADD}.Release|Any CPU.ActiveCfg = Release|Any CPU
		{96C2D60F-7073-4E21-975B-81968A8D2ADD}.Release|Any CPU.Build.0 = Release|Any CPU
		{D139EABA-2C9C-4043-9DCA-C31AE2BD983D}.Debug|Any CPU.ActiveCfg = Debug|Any CPU
		{D139EABA-2C9C-4043-9DCA-C31AE2BD983D}.Debug|Any CPU.Build.0 = Debug|Any CPU
		{D139EABA-2C9C-4043-9DCA-C31AE2BD983D}.Release|Any CPU.ActiveCfg = Release|Any CPU
		{D139EABA-2C9C-4043-9DCA-C31AE2BD983D}.Release|Any CPU.Build.0 = Release|Any CPU
		{B4BFC889-C08C-43BF-AC0C-F8CE87441530}.Debug|Any CPU.ActiveCfg = Debug|Any CPU
		{B4BFC889-C08C-43BF-AC0C-F8CE87441530}.Debug|Any CPU.Build.0 = Debug|Any CPU
		{B4BFC889-C08C-43BF-AC0C-F8CE87441530}.Release|Any CPU.ActiveCfg = Release|Any CPU
		{B4BFC889-C08C-43BF-AC0C-F8CE87441530}.Release|Any CPU.Build.0 = Release|Any CPU
		{A04881CC-B224-4F02-8520-C6BDF3391AF8}.Debug|Any CPU.ActiveCfg = Debug|Any CPU
		{A04881CC-B224-4F02-8520-C6BDF3391AF8}.Debug|Any CPU.Build.0 = Debug|Any CPU
		{A04881CC-B224-4F02-8520-C6BDF3391AF8}.Release|Any CPU.ActiveCfg = Release|Any CPU
		{A04881CC-B224-4F02-8520-C6BDF3391AF8}.Release|Any CPU.Build.0 = Release|Any CPU
		{EE8670E6-25BB-43F7-9BE8-60EC0F1AB678}.Debug|Any CPU.ActiveCfg = Debug|Any CPU
		{EE8670E6-25BB-43F7-9BE8-60EC0F1AB678}.Debug|Any CPU.Build.0 = Debug|Any CPU
		{EE8670E6-25BB-43F7-9BE8-60EC0F1AB678}.Release|Any CPU.ActiveCfg = Release|Any CPU
		{EE8670E6-25BB-43F7-9BE8-60EC0F1AB678}.Release|Any CPU.Build.0 = Release|Any CPU
		{F30E9995-CFE2-4CD4-A042-96010554C0DF}.Debug|Any CPU.ActiveCfg = Debug|Any CPU
		{F30E9995-CFE2-4CD4-A042-96010554C0DF}.Debug|Any CPU.Build.0 = Debug|Any CPU
		{F30E9995-CFE2-4CD4-A042-96010554C0DF}.Release|Any CPU.ActiveCfg = Release|Any CPU
		{F30E9995-CFE2-4CD4-A042-96010554C0DF}.Release|Any CPU.Build.0 = Release|Any CPU
		{86CDC479-736E-4B99-84A1-51893DA0CE95}.Debug|Any CPU.ActiveCfg = Debug|Any CPU
		{86CDC479-736E-4B99-84A1-51893DA0CE95}.Debug|Any CPU.Build.0 = Debug|Any CPU
		{86CDC479-736E-4B99-84A1-51893DA0CE95}.Release|Any CPU.ActiveCfg = Release|Any CPU
		{86CDC479-736E-4B99-84A1-51893DA0CE95}.Release|Any CPU.Build.0 = Release|Any CPU
	EndGlobalSection
	GlobalSection(SolutionProperties) = preSolution
		HideSolutionNode = FALSE
	EndGlobalSection
EndGlobal
